
Microsoft Visual Studio Solution File, Format Version 12.00
# Visual Studio 15
VisualStudioVersion = 15.0.27130.2027
MinimumVisualStudioVersion = 10.0.40219.1
Project("{FAE04EC0-301F-11D3-BF4B-00C04F79EFBC}") = "BlurImage", "BlurImage\BlurImage.csproj", "{0C1DEE20-6B1E-408F-8A71-7B685DC8C46C}"
EndProject
Global
	GlobalSection(SolutionConfigurationPlatforms) = preSolution
		Debug|Any CPU = Debug|Any CPU
		Release|Any CPU = Release|Any CPU
	EndGlobalSection
	GlobalSection(ProjectConfigurationPlatforms) = postSolution
		{0C1DEE20-6B1E-408F-8A71-7B685DC8C46C}.Debug|Any CPU.ActiveCfg = Debug|Any CPU
		{0C1DEE20-6B1E-408F-8A71-7B685DC8C46C}.Debug|Any CPU.Build.0 = Debug|Any CPU
		{0C1DEE20-6B1E-408F-8A71-7B685DC8C46C}.Release|Any CPU.ActiveCfg = Release|Any CPU
		{0C1DEE20-6B1E-408F-8A71-7B685DC8C46C}.Release|Any CPU.Build.0 = Release|Any CPU
	EndGlobalSection
	GlobalSection(SolutionProperties) = preSolution
		HideSolutionNode = FALSE
	EndGlobalSection
	GlobalSection(ExtensibilityGlobals) = postSolution
		SolutionGuid = {7A15D0A8-19B0-40C9-8010-574DBC3799C6}
	EndGlobalSection
EndGlobal
